
Microsoft Visual Studio Solution File, Format Version 12.00
# Visual Studio 15
VisualStudioVersion = 15.0.27004.2009
MinimumVisualStudioVersion = 10.0.40219.1
Project("{FAE04EC0-301F-11D3-BF4B-00C04F79EFBC}") = "Condensed.Net45", "Condensed\Condensed.Net45.csproj", "{A55857DC-3232-488D-84BC-DD5F92563F76}"
EndProject
Project("{FAE04EC0-301F-11D3-BF4B-00C04F79EFBC}") = "UnitTests.Net45", "UnitTests\UnitTests.Net45.csproj", "{57959B7E-2656-442B-AEC9-D4D0E0C321ED}"
EndProject
Global
	GlobalSection(SolutionConfigurationPlatforms) = preSolution
		Debug|Any CPU = Debug|Any CPU
		Release|Any CPU = Release|Any CPU
	EndGlobalSection
	GlobalSection(ProjectConfigurationPlatforms) = postSolution
		{A55857DC-3232-488D-84BC-DD5F92563F76}.Debug|Any CPU.ActiveCfg = Debug|Any CPU
		{A55857DC-3232-488D-84BC-DD5F92563F76}.Debug|Any CPU.Build.0 = Debug|Any CPU
		{A55857DC-3232-488D-84BC-DD5F92563F76}.Release|Any CPU.ActiveCfg = Release|Any CPU
		{A55857DC-3232-488D-84BC-DD5F92563F76}.Release|Any CPU.Build.0 = Release|Any CPU
		{57959B7E-2656-442B-AEC9-D4D0E0C321ED}.Debug|Any CPU.ActiveCfg = Debug|Any CPU
		{57959B7E-2656-442B-AEC9-D4D0E0C321ED}.Debug|Any CPU.Build.0 = Debug|Any CPU
		{57959B7E-2656-442B-AEC9-D4D0E0C321ED}.Release|Any CPU.ActiveCfg = Release|Any CPU
		{57959B7E-2656-442B-AEC9-D4D0E0C321ED}.Release|Any CPU.Build.0 = Release|Any CPU
	EndGlobalSection
	GlobalSection(SolutionProperties) = preSolution
		HideSolutionNode = FALSE
	EndGlobalSection
	GlobalSection(ExtensibilityGlobals) = postSolution
		SolutionGuid = {F137D20D-2FE9-4BB1-B362-6FA036BE4BA0}
	EndGlobalSection
EndGlobal
